// !$*UTF8*$!
{
	archiveVersion = 1;
	classes = {
	};
	objectVersion = 56;
	objects = {

/* Begin PBXBuildFile section */
		2DCBECAC28FEDADB00E1BC0A /* AppDelegate.swift in Sources */ = {isa = PBXBuildFile; fileRef = 2DCBECAB28FEDADB00E1BC0A /* AppDelegate.swift */; };
		2DCBECB028FEDADB00E1BC0A /* ViewController.swift in Sources */ = {isa = PBXBuildFile; fileRef = 2DCBECAF28FEDADB00E1BC0A /* ViewController.swift */; };
		2DCBECB528FEDAE200E1BC0A /* Assets.xcassets in Resources */ = {isa = PBXBuildFile; fileRef = 2DCBECB428FEDAE200E1BC0A /* Assets.xcassets */; };
		2DCBECB828FEDAE200E1BC0A /* LaunchScreen.storyboard in Resources */ = {isa = PBXBuildFile; fileRef = 2DCBECB628FEDAE200E1BC0A /* LaunchScreen.storyboard */; };
		2DCBECC328FEDAE200E1BC0A /* GitRepoInfoTests.swift in Sources */ = {isa = PBXBuildFile; fileRef = 2DCBECC228FEDAE200E1BC0A /* GitRepoInfoTests.swift */; };
		2DCBECCD28FEDAE200E1BC0A /* GitRepoInfoUITests.swift in Sources */ = {isa = PBXBuildFile; fileRef = 2DCBECCC28FEDAE200E1BC0A /* GitRepoInfoUITests.swift */; };
		2DCBECCF28FEDAE200E1BC0A /* GitRepoInfoUITestsLaunchTests.swift in Sources */ = {isa = PBXBuildFile; fileRef = 2DCBECCE28FEDAE200E1BC0A /* GitRepoInfoUITestsLaunchTests.swift */; };
		2DCBECDF28FEE04500E1BC0A /* GitRepoViewModel.swift in Sources */ = {isa = PBXBuildFile; fileRef = 2DCBECDE28FEE04500E1BC0A /* GitRepoViewModel.swift */; };
		2DCBECE128FEE07C00E1BC0A /* ApiManager.swift in Sources */ = {isa = PBXBuildFile; fileRef = 2DCBECE028FEE07C00E1BC0A /* ApiManager.swift */; };
		2DCBECE428FEE11100E1BC0A /* GitRepoModel.swift in Sources */ = {isa = PBXBuildFile; fileRef = 2DCBECE328FEE11100E1BC0A /* GitRepoModel.swift */; };
		2DCBECE728FEF69C00E1BC0A /* UIImageViewExtension.swift in Sources */ = {isa = PBXBuildFile; fileRef = 2DCBECE628FEF69C00E1BC0A /* UIImageViewExtension.swift */; };
/* End PBXBuildFile section */

/* Begin PBXContainerItemProxy section */
		2DCBECBF28FEDAE200E1BC0A /* PBXContainerItemProxy */ = {
			isa = PBXContainerItemProxy;
			containerPortal = 2DCBECA028FEDADB00E1BC0A /* Project object */;
			proxyType = 1;
			remoteGlobalIDString = 2DCBECA728FEDADB00E1BC0A;
			remoteInfo = GitRepoInfo;
		};
		2DCBECC928FEDAE200E1BC0A /* PBXContainerItemProxy */ = {
			isa = PBXContainerItemProxy;
			containerPortal = 2DCBECA028FEDADB00E1BC0A /* Project object */;
			proxyType = 1;
			remoteGlobalIDString = 2DCBECA728FEDADB00E1BC0A;
			remoteInfo = GitRepoInfo;
		};
/* End PBXContainerItemProxy section */

/* Begin PBXFileReference section */
		2DCBECA828FEDADB00E1BC0A /* GitRepoInfo.app */ = {isa = PBXFileReference; explicitFileType = wrapper.application; includeInIndex = 0; path = GitRepoInfo.app; sourceTree = BUILT_PRODUCTS_DIR; };
		2DCBECAB28FEDADB00E1BC0A /* AppDelegate.swift */ = {isa = PBXFileReference; lastKnownFileType = sourcecode.swift; path = AppDelegate.swift; sourceTree = "<group>"; };
		2DCBECAF28FEDADB00E1BC0A /* ViewController.swift */ = {isa = PBXFileReference; lastKnownFileType = sourcecode.swift; path = ViewController.swift; sourceTree = "<group>"; };
		2DCBECB428FEDAE200E1BC0A /* Assets.xcassets */ = {isa = PBXFileReference; lastKnownFileType = folder.assetcatalog; path = Assets.xcassets; sourceTree = "<group>"; };
		2DCBECB728FEDAE200E1BC0A /* Base */ = {isa = PBXFileReference; lastKnownFileType = file.storyboard; name = Base; path = Base.lproj/LaunchScreen.storyboard; sourceTree = "<group>"; };
		2DCBECB928FEDAE200E1BC0A /* Info.plist */ = {isa = PBXFileReference; lastKnownFileType = text.plist.xml; path = Info.plist; sourceTree = "<group>"; };
		2DCBECBE28FEDAE200E1BC0A /* GitRepoInfoTests.xctest */ = {isa = PBXFileReference; explicitFileType = wrapper.cfbundle; includeInIndex = 0; path = GitRepoInfoTests.xctest; sourceTree = BUILT_PRODUCTS_DIR; };
		2DCBECC228FEDAE200E1BC0A /* GitRepoInfoTests.swift */ = {isa = PBXFileReference; lastKnownFileType = sourcecode.swift; path = GitRepoInfoTests.swift; sourceTree = "<group>"; };
		2DCBECC828FEDAE200E1BC0A /* GitRepoInfoUITests.xctest */ = {isa = PBXFileReference; explicitFileType = wrapper.cfbundle; includeInIndex = 0; path = GitRepoInfoUITests.xctest; sourceTree = BUILT_PRODUCTS_DIR; };
		2DCBECCC28FEDAE200E1BC0A /* GitRepoInfoUITests.swift */ = {isa = PBXFileReference; lastKnownFileType = sourcecode.swift; path = GitRepoInfoUITests.swift; sourceTree = "<group>"; };
		2DCBECCE28FEDAE200E1BC0A /* GitRepoInfoUITestsLaunchTests.swift */ = {isa = PBXFileReference; lastKnownFileType = sourcecode.swift; path = GitRepoInfoUITestsLaunchTests.swift; sourceTree = "<group>"; };
		2DCBECDE28FEE04500E1BC0A /* GitRepoViewModel.swift */ = {isa = PBXFileReference; lastKnownFileType = sourcecode.swift; path = GitRepoViewModel.swift; sourceTree = "<group>"; };
		2DCBECE028FEE07C00E1BC0A /* ApiManager.swift */ = {isa = PBXFileReference; lastKnownFileType = sourcecode.swift; path = ApiManager.swift; sourceTree = "<group>"; };
		2DCBECE328FEE11100E1BC0A /* GitRepoModel.swift */ = {isa = PBXFileReference; lastKnownFileType = sourcecode.swift; path = GitRepoModel.swift; sourceTree = "<group>"; };
		2DCBECE628FEF69C00E1BC0A /* UIImageViewExtension.swift */ = {isa = PBXFileReference; lastKnownFileType = sourcecode.swift; path = UIImageViewExtension.swift; sourceTree = "<group>"; };
/* End PBXFileReference section */

/* Begin PBXFrameworksBuildPhase section */
		2DCBECA528FEDADB00E1BC0A /* Frameworks */ = {
			isa = PBXFrameworksBuildPhase;
			buildActionMask = 2147483647;
			files = (
			);
			runOnlyForDeploymentPostprocessing = 0;
		};
		2DCBECBB28FEDAE200E1BC0A /* Frameworks */ = {
			isa = PBXFrameworksBuildPhase;
			buildActionMask = 2147483647;
			files = (
			);
			runOnlyForDeploymentPostprocessing = 0;
		};
		2DCBECC528FEDAE200E1BC0A /* Frameworks */ = {
			isa = PBXFrameworksBuildPhase;
			buildActionMask = 2147483647;
			files = (
			);
			runOnlyForDeploymentPostprocessing = 0;
		};
/* End PBXFrameworksBuildPhase section */

/* Begin PBXGroup section */
		2DCBEC9F28FEDADB00E1BC0A = {
			isa = PBXGroup;
			children = (
				2DCBECAA28FEDADB00E1BC0A /* GitRepoInfo */,
				2DCBECC128FEDAE200E1BC0A /* GitRepoInfoTests */,
				2DCBECCB28FEDAE200E1BC0A /* GitRepoInfoUITests */,
				2DCBECA928FEDADB00E1BC0A /* Products */,
			);
			sourceTree = "<group>";
		};
		2DCBECA928FEDADB00E1BC0A /* Products */ = {
			isa = PBXGroup;
			children = (
				2DCBECA828FEDADB00E1BC0A /* GitRepoInfo.app */,
				2DCBECBE28FEDAE200E1BC0A /* GitRepoInfoTests.xctest */,
				2DCBECC828FEDAE200E1BC0A /* GitRepoInfoUITests.xctest */,
			);
			name = Products;
			sourceTree = "<group>";
		};
		2DCBECAA28FEDADB00E1BC0A /* GitRepoInfo */ = {
			isa = PBXGroup;
			children = (
				2DCBECE528FEF68400E1BC0A /* Helper */,
				2DCBECE228FEE0F200E1BC0A /* Model */,
				2DCBECDD28FEE01700E1BC0A /* View */,
				2DCBECDC28FEDE1600E1BC0A /* ViewModel */,
				2DCBECDB28FEDE0700E1BC0A /* Fetcher */,
				2DCBECAB28FEDADB00E1BC0A /* AppDelegate.swift */,
				2DCBECB428FEDAE200E1BC0A /* Assets.xcassets */,
				2DCBECB628FEDAE200E1BC0A /* LaunchScreen.storyboard */,
				2DCBECB928FEDAE200E1BC0A /* Info.plist */,
			);
			path = GitRepoInfo;
			sourceTree = "<group>";
		};
		2DCBECC128FEDAE200E1BC0A /* GitRepoInfoTests */ = {
			isa = PBXGroup;
			children = (
				2DCBECC228FEDAE200E1BC0A /* GitRepoInfoTests.swift */,
			);
			path = GitRepoInfoTests;
			sourceTree = "<group>";
		};
		2DCBECCB28FEDAE200E1BC0A /* GitRepoInfoUITests */ = {
			isa = PBXGroup;
			children = (
				2DCBECCC28FEDAE200E1BC0A /* GitRepoInfoUITests.swift */,
				2DCBECCE28FEDAE200E1BC0A /* GitRepoInfoUITestsLaunchTests.swift */,
			);
			path = GitRepoInfoUITests;
			sourceTree = "<group>";
		};
		2DCBECDB28FEDE0700E1BC0A /* Fetcher */ = {
			isa = PBXGroup;
			children = (
				2DCBECE028FEE07C00E1BC0A /* ApiManager.swift */,
			);
			path = Fetcher;
			sourceTree = "<group>";
		};
		2DCBECDC28FEDE1600E1BC0A /* ViewModel */ = {
			isa = PBXGroup;
			children = (
				2DCBECDE28FEE04500E1BC0A /* GitRepoViewModel.swift */,
			);
			path = ViewModel;
			sourceTree = "<group>";
		};
		2DCBECDD28FEE01700E1BC0A /* View */ = {
			isa = PBXGroup;
			children = (
				2DCBECAF28FEDADB00E1BC0A /* ViewController.swift */,
			);
			path = View;
			sourceTree = "<group>";
		};
		2DCBECE228FEE0F200E1BC0A /* Model */ = {
			isa = PBXGroup;
			children = (
				2DCBECE328FEE11100E1BC0A /* GitRepoModel.swift */,
			);
			path = Model;
			sourceTree = "<group>";
		};
		2DCBECE528FEF68400E1BC0A /* Helper */ = {
			isa = PBXGroup;
			children = (
				2DCBECE628FEF69C00E1BC0A /* UIImageViewExtension.swift */,
			);
			path = Helper;
			sourceTree = "<group>";
		};
/* End PBXGroup section */

/* Begin PBXNativeTarget section */
		2DCBECA728FEDADB00E1BC0A /* GitRepoInfo */ = {
			isa = PBXNativeTarget;
			buildConfigurationList = 2DCBECD228FEDAE200E1BC0A /* Build configuration list for PBXNativeTarget "GitRepoInfo" */;
			buildPhases = (
				2DCBECA428FEDADB00E1BC0A /* Sources */,
				2DCBECA528FEDADB00E1BC0A /* Frameworks */,
				2DCBECA628FEDADB00E1BC0A /* Resources */,
			);
			buildRules = (
			);
			dependencies = (
			);
			name = GitRepoInfo;
			productName = GitRepoInfo;
			productReference = 2DCBECA828FEDADB00E1BC0A /* GitRepoInfo.app */;
			productType = "com.apple.product-type.application";
		};
		2DCBECBD28FEDAE200E1BC0A /* GitRepoInfoTests */ = {
			isa = PBXNativeTarget;
			buildConfigurationList = 2DCBECD528FEDAE200E1BC0A /* Build configuration list for PBXNativeTarget "GitRepoInfoTests" */;
			buildPhases = (
				2DCBECBA28FEDAE200E1BC0A /* Sources */,
				2DCBECBB28FEDAE200E1BC0A /* Frameworks */,
				2DCBECBC28FEDAE200E1BC0A /* Resources */,
			);
			buildRules = (
			);
			dependencies = (
				2DCBECC028FEDAE200E1BC0A /* PBXTargetDependency */,
			);
			name = GitRepoInfoTests;
			productName = GitRepoInfoTests;
			productReference = 2DCBECBE28FEDAE200E1BC0A /* GitRepoInfoTests.xctest */;
			productType = "com.apple.product-type.bundle.unit-test";
		};
		2DCBECC728FEDAE200E1BC0A /* GitRepoInfoUITests */ = {
			isa = PBXNativeTarget;
			buildConfigurationList = 2DCBECD828FEDAE200E1BC0A /* Build configuration list for PBXNativeTarget "GitRepoInfoUITests" */;
			buildPhases = (
				2DCBECC428FEDAE200E1BC0A /* Sources */,
				2DCBECC528FEDAE200E1BC0A /* Frameworks */,
				2DCBECC628FEDAE200E1BC0A /* Resources */,
			);
			buildRules = (
			);
			dependencies = (
				2DCBECCA28FEDAE200E1BC0A /* PBXTargetDependency */,
			);
			name = GitRepoInfoUITests;
			productName = GitRepoInfoUITests;
			productReference = 2DCBECC828FEDAE200E1BC0A /* GitRepoInfoUITests.xctest */;
			productType = "com.apple.product-type.bundle.ui-testing";
		};
/* End PBXNativeTarget section */

/* Begin PBXProject section */
		2DCBECA028FEDADB00E1BC0A /* Project object */ = {
			isa = PBXProject;
			attributes = {
				BuildIndependentTargetsInParallel = 1;
				LastSwiftUpdateCheck = 1400;
				LastUpgradeCheck = 1400;
				TargetAttributes = {
					2DCBECA728FEDADB00E1BC0A = {
						CreatedOnToolsVersion = 14.0.1;
					};
					2DCBECBD28FEDAE200E1BC0A = {
						CreatedOnToolsVersion = 14.0.1;
						TestTargetID = 2DCBECA728FEDADB00E1BC0A;
					};
					2DCBECC728FEDAE200E1BC0A = {
						CreatedOnToolsVersion = 14.0.1;
						TestTargetID = 2DCBECA728FEDADB00E1BC0A;
					};
				};
			};
			buildConfigurationList = 2DCBECA328FEDADB00E1BC0A /* Build configuration list for PBXProject "GitRepoInfo" */;
			compatibilityVersion = "Xcode 14.0";
			developmentRegion = en;
			hasScannedForEncodings = 0;
			knownRegions = (
				en,
				Base,
			);
			mainGroup = 2DCBEC9F28FEDADB00E1BC0A;
			productRefGroup = 2DCBECA928FEDADB00E1BC0A /* Products */;
			projectDirPath = "";
			projectRoot = "";
			targets = (
				2DCBECA728FEDADB00E1BC0A /* GitRepoInfo */,
				2DCBECBD28FEDAE200E1BC0A /* GitRepoInfoTests */,
				2DCBECC728FEDAE200E1BC0A /* GitRepoInfoUITests */,
			);
		};
/* End PBXProject section */

/* Begin PBXResourcesBuildPhase section */
		2DCBECA628FEDADB00E1BC0A /* Resources */ = {
			isa = PBXResourcesBuildPhase;
			buildActionMask = 2147483647;
			files = (
				2DCBECB828FEDAE200E1BC0A /* LaunchScreen.storyboard in Resources */,
				2DCBECB528FEDAE200E1BC0A /* Assets.xcassets in Resources */,
			);
			runOnlyForDeploymentPostprocessing = 0;
		};
		2DCBECBC28FEDAE200E1BC0A /* Resources */ = {
			isa = PBXResourcesBuildPhase;
			buildActionMask = 2147483647;
			files = (
			);
			runOnlyForDeploymentPostprocessing = 0;
		};
		2DCBECC628FEDAE200E1BC0A /* Resources */ = {
			isa = PBXResourcesBuildPhase;
			buildActionMask = 2147483647;
			files = (
			);
			runOnlyForDeploymentPostprocessing = 0;
		};
/* End PBXResourcesBuildPhase section */

/* Begin PBXSourcesBuildPhase section */
		2DCBECA428FEDADB00E1BC0A /* Sources */ = {
			isa = PBXSourcesBuildPhase;
			buildActionMask = 2147483647;
			files = (
				2DCBECE128FEE07C00E1BC0A /* ApiManager.swift in Sources */,
				2DCBECE428FEE11100E1BC0A /* GitRepoModel.swift in Sources */,
				2DCBECE728FEF69C00E1BC0A /* UIImageViewExtension.swift in Sources */,
				2DCBECB028FEDADB00E1BC0A /* ViewController.swift in Sources */,
				2DCBECAC28FEDADB00E1BC0A /* AppDelegate.swift in Sources */,
				2DCBECDF28FEE04500E1BC0A /* GitRepoViewModel.swift in Sources */,
			);
			runOnlyForDeploymentPostprocessing = 0;
		};
		2DCBECBA28FEDAE200E1BC0A /* Sources */ = {
			isa = PBXSourcesBuildPhase;
			buildActionMask = 2147483647;
			files = (
				2DCBECC328FEDAE200E1BC0A /* GitRepoInfoTests.swift in Sources */,
			);
			runOnlyForDeploymentPostprocessing = 0;
		};
		2DCBECC428FEDAE200E1BC0A /* Sources */ = {
			isa = PBXSourcesBuildPhase;
			buildActionMask = 2147483647;
			files = (
				2DCBECCD28FEDAE200E1BC0A /* GitRepoInfoUITests.swift in Sources */,
				2DCBECCF28FEDAE200E1BC0A /* GitRepoInfoUITestsLaunchTests.swift in Sources */,
			);
			runOnlyForDeploymentPostprocessing = 0;
		};
/* End PBXSourcesBuildPhase section */

/* Begin PBXTargetDependency section */
		2DCBECC028FEDAE200E1BC0A /* PBXTargetDependency */ = {
			isa = PBXTargetDependency;
			target = 2DCBECA728FEDADB00E1BC0A /* GitRepoInfo */;
			targetProxy = 2DCBECBF28FEDAE200E1BC0A /* PBXContainerItemProxy */;
		};
		2DCBECCA28FEDAE200E1BC0A /* PBXTargetDependency */ = {
			isa = PBXTargetDependency;
			target = 2DCBECA728FEDADB00E1BC0A /* GitRepoInfo */;
			targetProxy = 2DCBECC928FEDAE200E1BC0A /* PBXContainerItemProxy */;
		};
/* End PBXTargetDependency section */

/* Begin PBXVariantGroup section */
		2DCBECB628FEDAE200E1BC0A /* LaunchScreen.storyboard */ = {
			isa = PBXVariantGroup;
			children = (
				2DCBECB728FEDAE200E1BC0A /* Base */,
			);
			name = LaunchScreen.storyboard;
			sourceTree = "<group>";
		};
/* End PBXVariantGroup section */

/* Begin XCBuildConfiguration section */
		2DCBECD028FEDAE200E1BC0A /* Debug */ = {
			isa = XCBuildConfiguration;
			buildSettings = {
				ALWAYS_SEARCH_USER_PATHS = NO;
				CLANG_ANALYZER_NONNULL = YES;
				CLANG_ANALYZER_NUMBER_OBJECT_CONVERSION = YES_AGGRESSIVE;
				CLANG_CXX_LANGUAGE_STANDARD = "gnu++20";
				CLANG_ENABLE_MODULES = YES;
				CLANG_ENABLE_OBJC_ARC = YES;
				CLANG_ENABLE_OBJC_WEAK = YES;
				CLANG_WARN_BLOCK_CAPTURE_AUTORELEASING = YES;
				CLANG_WARN_BOOL_CONVERSION = YES;
				CLANG_WARN_COMMA = YES;
				CLANG_WARN_CONSTANT_CONVERSION = YES;
				CLANG_WARN_DEPRECATED_OBJC_IMPLEMENTATIONS = YES;
				CLANG_WARN_DIRECT_OBJC_ISA_USAGE = YES_ERROR;
				CLANG_WARN_DOCUMENTATION_COMMENTS = YES;
				CLANG_WARN_EMPTY_BODY = YES;
				CLANG_WARN_ENUM_CONVERSION = YES;
				CLANG_WARN_INFINITE_RECURSION = YES;
				CLANG_WARN_INT_CONVERSION = YES;
				CLANG_WARN_NON_LITERAL_NULL_CONVERSION = YES;
				CLANG_WARN_OBJC_IMPLICIT_RETAIN_SELF = YES;
				CLANG_WARN_OBJC_LITERAL_CONVERSION = YES;
				CLANG_WARN_OBJC_ROOT_CLASS = YES_ERROR;
				CLANG_WARN_QUOTED_INCLUDE_IN_FRAMEWORK_HEADER = YES;
				CLANG_WARN_RANGE_LOOP_ANALYSIS = YES;
				CLANG_WARN_STRICT_PROTOTYPES = YES;
				CLANG_WARN_SUSPICIOUS_MOVE = YES;
				CLANG_WARN_UNGUARDED_AVAILABILITY = YES_AGGRESSIVE;
				CLANG_WARN_UNREACHABLE_CODE = YES;
				CLANG_WARN__DUPLICATE_METHOD_MATCH = YES;
				COPY_PHASE_STRIP = NO;
				DEBUG_INFORMATION_FORMAT = dwarf;
				ENABLE_STRICT_OBJC_MSGSEND = YES;
				ENABLE_TESTABILITY = YES;
				GCC_C_LANGUAGE_STANDARD = gnu11;
				GCC_DYNAMIC_NO_PIC = NO;
				GCC_NO_COMMON_BLOCKS = YES;
				GCC_OPTIMIZATION_LEVEL = 0;
				GCC_PREPROCESSOR_DEFINITIONS = (
					"DEBUG=1",
					"$(inherited)",
				);
				GCC_WARN_64_TO_32_BIT_CONVERSION = YES;
				GCC_WARN_ABOUT_RETURN_TYPE = YES_ERROR;
				GCC_WARN_UNDECLARED_SELECTOR = YES;
				GCC_WARN_UNINITIALIZED_AUTOS = YES_AGGRESSIVE;
				GCC_WARN_UNUSED_FUNCTION = YES;
				GCC_WARN_UNUSED_VARIABLE = YES;
				IPHONEOS_DEPLOYMENT_TARGET = 14.0;
				MTL_ENABLE_DEBUG_INFO = INCLUDE_SOURCE;
				MTL_FAST_MATH = YES;
				ONLY_ACTIVE_ARCH = YES;
				SDKROOT = iphoneos;
				SWIFT_ACTIVE_COMPILATION_CONDITIONS = DEBUG;
				SWIFT_OPTIMIZATION_LEVEL = "-Onone";
			};
			name = Debug;
		};
		2DCBECD128FEDAE200E1BC0A /* Release */ = {
			isa = XCBuildConfiguration;
			buildSettings = {
				ALWAYS_SEARCH_USER_PATHS = NO;
				CLANG_ANALYZER_NONNULL = YES;
				CLANG_ANALYZER_NUMBER_OBJECT_CONVERSION = YES_AGGRESSIVE;
				CLANG_CXX_LANGUAGE_STANDARD = "gnu++20";
				CLANG_ENABLE_MODULES = YES;
				CLANG_ENABLE_OBJC_ARC = YES;
				CLANG_ENABLE_OBJC_WEAK = YES;
				CLANG_WARN_BLOCK_CAPTURE_AUTORELEASING = YES;
				CLANG_WARN_BOOL_CONVERSION = YES;
				CLANG_WARN_COMMA = YES;
				CLANG_WARN_CONSTANT_CONVERSION = YES;
				CLANG_WARN_DEPRECATED_OBJC_IMPLEMENTATIONS = YES;
				CLANG_WARN_DIRECT_OBJC_ISA_USAGE = YES_ERROR;
				CLANG_WARN_DOCUMENTATION_COMMENTS = YES;
				CLANG_WARN_EMPTY_BODY = YES;
				CLANG_WARN_ENUM_CONVERSION = YES;
				CLANG_WARN_INFINITE_RECURSION = YES;
				CLANG_WARN_INT_CONVERSION = YES;
				CLANG_WARN_NON_LITERAL_NULL_CONVERSION = YES;
				CLANG_WARN_OBJC_IMPLICIT_RETAIN_SELF = YES;
				CLANG_WARN_OBJC_LITERAL_CONVERSION = YES;
				CLANG_WARN_OBJC_ROOT_CLASS = YES_ERROR;
				CLANG_WARN_QUOTED_INCLUDE_IN_FRAMEWORK_HEADER = YES;
				CLANG_WARN_RANGE_LOOP_ANALYSIS = YES;
				CLANG_WARN_STRICT_PROTOTYPES = YES;
				CLANG_WARN_SUSPICIOUS_MOVE = YES;
				CLANG_WARN_UNGUARDED_AVAILABILITY = YES_AGGRESSIVE;
				CLANG_WARN_UNREACHABLE_CODE = YES;
				CLANG_WARN__DUPLICATE_METHOD_MATCH = YES;
				COPY_PHASE_STRIP = NO;
				DEBUG_INFORMATION_FORMAT = "dwarf-with-dsym";
				ENABLE_NS_ASSERTIONS = NO;
				ENABLE_STRICT_OBJC_MSGSEND = YES;
				GCC_C_LANGUAGE_STANDARD = gnu11;
				GCC_NO_COMMON_BLOCKS = YES;
				GCC_WARN_64_TO_32_BIT_CONVERSION = YES;
				GCC_WARN_ABOUT_RETURN_TYPE = YES_ERROR;
				GCC_WARN_UNDECLARED_SELECTOR = YES;
				GCC_WARN_UNINITIALIZED_AUTOS = YES_AGGRESSIVE;
				GCC_WARN_UNUSED_FUNCTION = YES;
				GCC_WARN_UNUSED_VARIABLE = YES;
				IPHONEOS_DEPLOYMENT_TARGET = 14.0;
				MTL_ENABLE_DEBUG_INFO = NO;
				MTL_FAST_MATH = YES;
				SDKROOT = iphoneos;
				SWIFT_COMPILATION_MODE = wholemodule;
				SWIFT_OPTIMIZATION_LEVEL = "-O";
				VALIDATE_PRODUCT = YES;
			};
			name = Release;
		};
		2DCBECD328FEDAE200E1BC0A /* Debug */ = {
			isa = XCBuildConfiguration;
			buildSettings = {
				ASSETCATALOG_COMPILER_APPICON_NAME = AppIcon;
				ASSETCATALOG_COMPILER_GLOBAL_ACCENT_COLOR_NAME = AccentColor;
				CODE_SIGN_STYLE = Automatic;
				CURRENT_PROJECT_VERSION = 1;
				GENERATE_INFOPLIST_FILE = YES;
				INFOPLIST_FILE = GitRepoInfo/Info.plist;
				INFOPLIST_KEY_UIApplicationSupportsIndirectInputEvents = YES;
				INFOPLIST_KEY_UILaunchStoryboardName = LaunchScreen;
				INFOPLIST_KEY_UISupportedInterfaceOrientations_iPad = "UIInterfaceOrientationPortrait UIInterfaceOrientationPortraitUpsideDown UIInterfaceOrientationLandscapeLeft UIInterfaceOrientationLandscapeRight";
				INFOPLIST_KEY_UISupportedInterfaceOrientations_iPhone = "UIInterfaceOrientationPortrait UIInterfaceOrientationLandscapeLeft UIInterfaceOrientationLandscapeRight";
				LD_RUNPATH_SEARCH_PATHS = (
					"$(inherited)",
					"@executable_path/Frameworks",
				);
				MARKETING_VERSION = 1.0;
				PRODUCT_BUNDLE_IDENTIFIER = com.hasti.GitRepoInfo;
				PRODUCT_NAME = "$(TARGET_NAME)";
				SWIFT_EMIT_LOC_STRINGS = YES;
				SWIFT_VERSION = 5.0;
				TARGETED_DEVICE_FAMILY = "1,2";
			};
			name = Debug;
		};
		2DCBECD428FEDAE200E1BC0A /* Release */ = {
			isa = XCBuildConfiguration;
			buildSettings = {
				ASSETCATALOG_COMPILER_APPICON_NAME = AppIcon;
				ASSETCATALOG_COMPILER_GLOBAL_ACCENT_COLOR_NAME = AccentColor;
				CODE_SIGN_STYLE = Automatic;
				CURRENT_PROJECT_VERSION = 1;
				GENERATE_INFOPLIST_FILE = YES;
				INFOPLIST_FILE = GitRepoInfo/Info.plist;
				INFOPLIST_KEY_UIApplicationSupportsIndirectInputEvents = YES;
				INFOPLIST_KEY_UILaunchStoryboardName = LaunchScreen;
				INFOPLIST_KEY_UISupportedInterfaceOrientations_iPad = "UIInterfaceOrientationPortrait UIInterfaceOrientationPortraitUpsideDown UIInterfaceOrientationLandscapeLeft UIInterfaceOrientationLandscapeRight";
				INFOPLIST_KEY_UISupportedInterfaceOrientations_iPhone = "UIInterfaceOrientationPortrait UIInterfaceOrientationLandscapeLeft UIInterfaceOrientationLandscapeRight";
				LD_RUNPATH_SEARCH_PATHS = (
					"$(inherited)",
					"@executable_path/Frameworks",
				);
				MARKETING_VERSION = 1.0;
				PRODUCT_BUNDLE_IDENTIFIER = com.hasti.GitRepoInfo;
				PRODUCT_NAME = "$(TARGET_NAME)";
				SWIFT_EMIT_LOC_STRINGS = YES;
				SWIFT_VERSION = 5.0;
				TARGETED_DEVICE_FAMILY = "1,2";
			};
			name = Release;
		};
		2DCBECD628FEDAE200E1BC0A /* Debug */ = {
			isa = XCBuildConfiguration;
			buildSettings = {
				ALWAYS_EMBED_SWIFT_STANDARD_LIBRARIES = YES;
				BUNDLE_LOADER = "$(TEST_HOST)";
				CODE_SIGN_STYLE = Automatic;
				CURRENT_PROJECT_VERSION = 1;
				GENERATE_INFOPLIST_FILE = YES;
				IPHONEOS_DEPLOYMENT_TARGET = 16.0;
				MARKETING_VERSION = 1.0;
				PRODUCT_BUNDLE_IDENTIFIER = com.hasti.GitRepoInfoTests;
				PRODUCT_NAME = "$(TARGET_NAME)";
				SWIFT_EMIT_LOC_STRINGS = NO;
				SWIFT_VERSION = 5.0;
				TARGETED_DEVICE_FAMILY = "1,2";
				TEST_HOST = "$(BUILT_PRODUCTS_DIR)/GitRepoInfo.app/$(BUNDLE_EXECUTABLE_FOLDER_PATH)/GitRepoInfo";
			};
			name = Debug;
		};
		2DCBECD728FEDAE200E1BC0A /* Release */ = {
			isa = XCBuildConfiguration;
			buildSettings = {
				ALWAYS_EMBED_SWIFT_STANDARD_LIBRARIES = YES;
				BUNDLE_LOADER = "$(TEST_HOST)";
				CODE_SIGN_STYLE = Automatic;
				CURRENT_PROJECT_VERSION = 1;
				GENERATE_INFOPLIST_FILE = YES;
				IPHONEOS_DEPLOYMENT_TARGET = 16.0;
				MARKETING_VERSION = 1.0;
				PRODUCT_BUNDLE_IDENTIFIER = com.hasti.GitRepoInfoTests;
				PRODUCT_NAME = "$(TARGET_NAME)";
				SWIFT_EMIT_LOC_STRINGS = NO;
				SWIFT_VERSION = 5.0;
				TARGETED_DEVICE_FAMILY = "1,2";
				TEST_HOST = "$(BUILT_PRODUCTS_DIR)/GitRepoInfo.app/$(BUNDLE_EXECUTABLE_FOLDER_PATH)/GitRepoInfo";
			};
			name = Release;
		};
		2DCBECD928FEDAE200E1BC0A /* Debug */ = {
			isa = XCBuildConfiguration;
			buildSettings = {
				ALWAYS_EMBED_SWIFT_STANDARD_LIBRARIES = YES;
				CODE_SIGN_STYLE = Automatic;
				CURRENT_PROJECT_VERSION = 1;
				GENERATE_INFOPLIST_FILE = YES;
				MARKETING_VERSION = 1.0;
				PRODUCT_BUNDLE_IDENTIFIER = com.hasti.GitRepoInfoUITests;
				PRODUCT_NAME = "$(TARGET_NAME)";
				SWIFT_EMIT_LOC_STRINGS = NO;
				SWIFT_VERSION = 5.0;
				TARGETED_DEVICE_FAMILY = "1,2";
				TEST_TARGET_NAME = GitRepoInfo;
			};
			name = Debug;
		};
		2DCBECDA28FEDAE200E1BC0A /* Release */ = {
			isa = XCBuildConfiguration;
			buildSettings = {
				ALWAYS_EMBED_SWIFT_STANDARD_LIBRARIES = YES;
				CODE_SIGN_STYLE = Automatic;
				CURRENT_PROJECT_VERSION = 1;
				GENERATE_INFOPLIST_FILE = YES;
				MARKETING_VERSION = 1.0;
				PRODUCT_BUNDLE_IDENTIFIER = com.hasti.GitRepoInfoUITests;
				PRODUCT_NAME = "$(TARGET_NAME)";
				SWIFT_EMIT_LOC_STRINGS = NO;
				SWIFT_VERSION = 5.0;
				TARGETED_DEVICE_FAMILY = "1,2";
				TEST_TARGET_NAME = GitRepoInfo;
			};
			name = Release;
		};
/* End XCBuildConfiguration section */

/* Begin XCConfigurationList section */
		2DCBECA328FEDADB00E1BC0A /* Build configuration list for PBXProject "GitRepoInfo" */ = {
			isa = XCConfigurationList;
			buildConfigurations = (
				2DCBECD028FEDAE200E1BC0A /* Debug */,
				2DCBECD128FEDAE200E1BC0A /* Release */,
			);
			defaultConfigurationIsVisible = 0;
			defaultConfigurationName = Release;
		};
		2DCBECD228FEDAE200E1BC0A /* Build configuration list for PBXNativeTarget "GitRepoInfo" */ = {
			isa = XCConfigurationList;
			buildConfigurations = (
				2DCBECD328FEDAE200E1BC0A /* Debug */,
				2DCBECD428FEDAE200E1BC0A /* Release */,
			);
			defaultConfigurationIsVisible = 0;
			defaultConfigurationName = Release;
		};
		2DCBECD528FEDAE200E1BC0A /* Build configuration list for PBXNativeTarget "GitRepoInfoTests" */ = {
			isa = XCConfigurationList;
			buildConfigurations = (
				2DCBECD628FEDAE200E1BC0A /* Debug */,
				2DCBECD728FEDAE200E1BC0A /* Release */,
			);
			defaultConfigurationIsVisible = 0;
			defaultConfigurationName = Release;
		};
		2DCBECD828FEDAE200E1BC0A /* Build configuration list for PBXNativeTarget "GitRepoInfoUITests" */ = {
			isa = XCConfigurationList;
			buildConfigurations = (
				2DCBECD928FEDAE200E1BC0A /* Debug */,
				2DCBECDA28FEDAE200E1BC0A /* Release */,
			);
			defaultConfigurationIsVisible = 0;
			defaultConfigurationName = Release;
		};
/* End XCConfigurationList section */
	};
	rootObject = 2DCBECA028FEDADB00E1BC0A /* Project object */;
}
